{
  "name": "shipsy_proj",
  "lockfileVersion": 3,
  "requires": true,
  "packages": {
    "": {
      "dependencies": {
        "react-router-dom": "^7.9.3"
      }
    },
    "node_modules/react": {
      "version": "19.2.0",
      "license": "MIT",
      "peer": true,
      "engines": {
        "node": ">=0.10.0"
      }
    },
    "node_modules/react-dom": {
      "version": "19.2.0",
      "license": "MIT",
      "peer": true,
      "dependencies": {
        "scheduler": "^0.27.0"
      },
      "peerDependencies": {
        "react": "^19.2.0"
      }
    },
    "node_modules/react-router": {
      "version": "7.9.3",
      "license": "MIT",
      "dependencies": {
        "cookie": "^1.0.1",
        "set-cookie-parser": "^2.6.0"
      },
      "engines": {
        "node": ">=20.0.0"
      },
      "peerDependencies": {
        "react": ">=18",
        "react-dom": ">=18"
      },
      "peerDependenciesMeta": {
        "react-dom": {
          "optional": true
        }
      }
    },
    "node_modules/react-router-dom": {
      "version": "7.9.3",
      "resolved": "https://registry.npmjs.org/react-router-dom/-/react-router-dom-7.9.3.tgz",
      "integrity": "sha512-1QSbA0TGGFKTAc/aWjpfW/zoEukYfU4dc1dLkT/vvf54JoGMkW+fNA+3oyo2gWVW1GM7BxjJVHz5GnPJv40rvg==",
      "license": "MIT",
      "dependencies": {
        "react-router": "7.9.3"
      },
      "engines": {
        "node": ">=20.0.0"
      },
      "peerDependencies": {
        "react": ">=18",
        "react-dom": ">=18"
      }
    },
    "node_modules/react-router/node_modules/cookie": {
      "version": "1.0.2",
      "license": "MIT",
      "engines": {
        "node": ">=18"
      }
    },
    "node_modules/scheduler": {
      "version": "0.27.0",
      "license": "MIT",
      "peer": true
    },
    "node_modules/set-cookie-parser": {
      "version": "2.7.1",
      "license": "MIT"
    }
  }
}
